
Microsoft Visual Studio Solution File, Format Version 12.00
# Visual Studio Version 16
VisualStudioVersion = 25.0.1706.0
MinimumVisualStudioVersion = 10.0.40219.1
Project("{FAE04EC0-301F-11D3-BF4B-00C04F79EFBC}") = "VirtueltKjaeledyr", "VirtueltKjaeledyr\VirtueltKjaeledyr.csproj", "{1988FC08-8B00-4322-B69D-923373CF6320}"
EndProject
Global
	GlobalSection(SolutionConfigurationPlatforms) = preSolution
		Debug|Any CPU = Debug|Any CPU
		Release|Any CPU = Release|Any CPU
	EndGlobalSection
	GlobalSection(ProjectConfigurationPlatforms) = postSolution
		{1988FC08-8B00-4322-B69D-923373CF6320}.Debug|Any CPU.ActiveCfg = Debug|Any CPU
		{1988FC08-8B00-4322-B69D-923373CF6320}.Debug|Any CPU.Build.0 = Debug|Any CPU
		{1988FC08-8B00-4322-B69D-923373CF6320}.Release|Any CPU.ActiveCfg = Release|Any CPU
		{1988FC08-8B00-4322-B69D-923373CF6320}.Release|Any CPU.Build.0 = Release|Any CPU
	EndGlobalSection
	GlobalSection(SolutionProperties) = preSolution
		HideSolutionNode = FALSE
	EndGlobalSection
	GlobalSection(ExtensibilityGlobals) = postSolution
		SolutionGuid = {3535ECF2-08B4-416E-8855-7CF4029707BF}
	EndGlobalSection
EndGlobal
